// !$*UTF8*$!
{
	archiveVersion = 1;
	classes = {
	};
	objectVersion = 50;
	objects = {

/* Begin PBXBuildFile section */
		9E441D7B222712690024AE9B /* AppDelegate.swift in Sources */ = {isa = PBXBuildFile; fileRef = 9E441D7A222712690024AE9B /* AppDelegate.swift */; };
		9E441D7D222712690024AE9B /* GameScene.sks in Resources */ = {isa = PBXBuildFile; fileRef = 9E441D7C222712690024AE9B /* GameScene.sks */; };
		9E441D7F222712690024AE9B /* Actions.sks in Resources */ = {isa = PBXBuildFile; fileRef = 9E441D7E222712690024AE9B /* Actions.sks */; };
		9E441D81222712690024AE9B /* GameScene.swift in Sources */ = {isa = PBXBuildFile; fileRef = 9E441D80222712690024AE9B /* GameScene.swift */; };
		9E441D83222712690024AE9B /* GameViewController.swift in Sources */ = {isa = PBXBuildFile; fileRef = 9E441D82222712690024AE9B /* GameViewController.swift */; };
		9E441D86222712690024AE9B /* Main.storyboard in Resources */ = {isa = PBXBuildFile; fileRef = 9E441D84222712690024AE9B /* Main.storyboard */; };
		9E441D882227126B0024AE9B /* Assets.xcassets in Resources */ = {isa = PBXBuildFile; fileRef = 9E441D872227126B0024AE9B /* Assets.xcassets */; };
		9E441D8B2227126B0024AE9B /* LaunchScreen.storyboard in Resources */ = {isa = PBXBuildFile; fileRef = 9E441D892227126B0024AE9B /* LaunchScreen.storyboard */; };
		9EA5A4072227492E002A7AB5 /* Collision.wav in Resources */ = {isa = PBXBuildFile; fileRef = 9EA5A4042227492E002A7AB5 /* Collision.wav */; };
		9EA5A4082227492E002A7AB5 /* Shoot.wav in Resources */ = {isa = PBXBuildFile; fileRef = 9EA5A4052227492E002A7AB5 /* Shoot.wav */; };
		9EA5A4092227492E002A7AB5 /* Hit.wav in Resources */ = {isa = PBXBuildFile; fileRef = 9EA5A4062227492E002A7AB5 /* Hit.wav */; };
		9ECFC86822288E8500372B2A /* Asteroid.swift in Sources */ = {isa = PBXBuildFile; fileRef = 9ECFC86722288E8500372B2A /* Asteroid.swift */; };
		9ECFC86E22289B3800372B2A /* Player.swift in Sources */ = {isa = PBXBuildFile; fileRef = 9ECFC86D22289B3800372B2A /* Player.swift */; };
		9ECFC87022289BEF00372B2A /* Sprite.swift in Sources */ = {isa = PBXBuildFile; fileRef = 9ECFC86F22289BEF00372B2A /* Sprite.swift */; };
		9ECFC8722228A7C000372B2A /* PlayerMissile.swift in Sources */ = {isa = PBXBuildFile; fileRef = 9ECFC8712228A7C000372B2A /* PlayerMissile.swift */; };
/* End PBXBuildFile section */

/* Begin PBXContainerItemProxy section */
		9E441D922227126B0024AE9B /* PBXContainerItemProxy */ = {
			isa = PBXContainerItemProxy;
			containerPortal = 9E441D6F222712690024AE9B /* Project object */;
			proxyType = 1;
			remoteGlobalIDString = 9E441D76222712690024AE9B;
			remoteInfo = asteroids;
		};
		9E441D9D2227126B0024AE9B /* PBXContainerItemProxy */ = {
			isa = PBXContainerItemProxy;
			containerPortal = 9E441D6F222712690024AE9B /* Project object */;
			proxyType = 1;
			remoteGlobalIDString = 9E441D76222712690024AE9B;
			remoteInfo = asteroids;
		};
/* End PBXContainerItemProxy section */

/* Begin PBXFileReference section */
		9E441D77222712690024AE9B /* SpaceShooter.app */ = {isa = PBXFileReference; explicitFileType = wrapper.application; includeInIndex = 0; path = SpaceShooter.app; sourceTree = BUILT_PRODUCTS_DIR; };
		9E441D7A222712690024AE9B /* AppDelegate.swift */ = {isa = PBXFileReference; lastKnownFileType = sourcecode.swift; path = AppDelegate.swift; sourceTree = "<group>"; };
		9E441D7C222712690024AE9B /* GameScene.sks */ = {isa = PBXFileReference; lastKnownFileType = file.sks; path = GameScene.sks; sourceTree = "<group>"; };
		9E441D7E222712690024AE9B /* Actions.sks */ = {isa = PBXFileReference; lastKnownFileType = file.sks; path = Actions.sks; sourceTree = "<group>"; };
		9E441D80222712690024AE9B /* GameScene.swift */ = {isa = PBXFileReference; lastKnownFileType = sourcecode.swift; path = GameScene.swift; sourceTree = "<group>"; };
		9E441D82222712690024AE9B /* GameViewController.swift */ = {isa = PBXFileReference; lastKnownFileType = sourcecode.swift; path = GameViewController.swift; sourceTree = "<group>"; };
		9E441D85222712690024AE9B /* Base */ = {isa = PBXFileReference; lastKnownFileType = file.storyboard; name = Base; path = Base.lproj/Main.storyboard; sourceTree = "<group>"; };
		9E441D872227126B0024AE9B /* Assets.xcassets */ = {isa = PBXFileReference; lastKnownFileType = folder.assetcatalog; path = Assets.xcassets; sourceTree = "<group>"; };
		9E441D8A2227126B0024AE9B /* Base */ = {isa = PBXFileReference; lastKnownFileType = file.storyboard; name = Base; path = Base.lproj/LaunchScreen.storyboard; sourceTree = "<group>"; };
		9E441D8C2227126B0024AE9B /* Info.plist */ = {isa = PBXFileReference; lastKnownFileType = text.plist.xml; path = Info.plist; sourceTree = "<group>"; };
		9E441D912227126B0024AE9B /* SpaceShooterTests.xctest */ = {isa = PBXFileReference; explicitFileType = wrapper.cfbundle; includeInIndex = 0; path = SpaceShooterTests.xctest; sourceTree = BUILT_PRODUCTS_DIR; };
		9E441D972227126B0024AE9B /* Info.plist */ = {isa = PBXFileReference; lastKnownFileType = text.plist.xml; path = Info.plist; sourceTree = "<group>"; };
		9E441D9C2227126B0024AE9B /* SpaceShooterUITests.xctest */ = {isa = PBXFileReference; explicitFileType = wrapper.cfbundle; includeInIndex = 0; path = SpaceShooterUITests.xctest; sourceTree = BUILT_PRODUCTS_DIR; };
		9E441DA22227126B0024AE9B /* Info.plist */ = {isa = PBXFileReference; lastKnownFileType = text.plist.xml; path = Info.plist; sourceTree = "<group>"; };
		9EA5A4002227417B002A7AB5 /* README.md */ = {isa = PBXFileReference; lastKnownFileType = net.daringfireball.markdown; path = README.md; sourceTree = "<group>"; };
		9EA5A4042227492E002A7AB5 /* Collision.wav */ = {isa = PBXFileReference; lastKnownFileType = audio.wav; path = Collision.wav; sourceTree = "<group>"; };
		9EA5A4052227492E002A7AB5 /* Shoot.wav */ = {isa = PBXFileReference; lastKnownFileType = audio.wav; path = Shoot.wav; sourceTree = "<group>"; };
		9EA5A4062227492E002A7AB5 /* Hit.wav */ = {isa = PBXFileReference; lastKnownFileType = audio.wav; path = Hit.wav; sourceTree = "<group>"; };
		9ECFC86722288E8500372B2A /* Asteroid.swift */ = {isa = PBXFileReference; lastKnownFileType = sourcecode.swift; path = Asteroid.swift; sourceTree = "<group>"; };
		9ECFC86D22289B3800372B2A /* Player.swift */ = {isa = PBXFileReference; lastKnownFileType = sourcecode.swift; path = Player.swift; sourceTree = "<group>"; };
		9ECFC86F22289BEF00372B2A /* Sprite.swift */ = {isa = PBXFileReference; lastKnownFileType = sourcecode.swift; path = Sprite.swift; sourceTree = "<group>"; };
		9ECFC8712228A7C000372B2A /* PlayerMissile.swift */ = {isa = PBXFileReference; lastKnownFileType = sourcecode.swift; path = PlayerMissile.swift; sourceTree = "<group>"; };
/* End PBXFileReference section */

/* Begin PBXFrameworksBuildPhase section */
		9E441D74222712690024AE9B /* Frameworks */ = {
			isa = PBXFrameworksBuildPhase;
			buildActionMask = 2147483647;
			files = (
			);
			runOnlyForDeploymentPostprocessing = 0;
		};
		9E441D8E2227126B0024AE9B /* Frameworks */ = {
			isa = PBXFrameworksBuildPhase;
			buildActionMask = 2147483647;
			files = (
			);
			runOnlyForDeploymentPostprocessing = 0;
		};
		9E441D992227126B0024AE9B /* Frameworks */ = {
			isa = PBXFrameworksBuildPhase;
			buildActionMask = 2147483647;
			files = (
			);
			runOnlyForDeploymentPostprocessing = 0;
		};
/* End PBXFrameworksBuildPhase section */

/* Begin PBXGroup section */
		9E441D6E222712690024AE9B = {
			isa = PBXGroup;
			children = (
				9EA5A4002227417B002A7AB5 /* README.md */,
				9E441D79222712690024AE9B /* SpaceShooter */,
				9E441D942227126B0024AE9B /* SpaceShooterTests */,
				9E441D9F2227126B0024AE9B /* SpaceShooterUITests */,
				9E441D78222712690024AE9B /* Products */,
			);
			sourceTree = "<group>";
		};
		9E441D78222712690024AE9B /* Products */ = {
			isa = PBXGroup;
			children = (
				9E441D77222712690024AE9B /* SpaceShooter.app */,
				9E441D912227126B0024AE9B /* SpaceShooterTests.xctest */,
				9E441D9C2227126B0024AE9B /* SpaceShooterUITests.xctest */,
			);
			name = Products;
			sourceTree = "<group>";
		};
		9E441D79222712690024AE9B /* SpaceShooter */ = {
			isa = PBXGroup;
			children = (
				9ECFC86622288E7300372B2A /* Sprites */,
				9EA5A4032227492E002A7AB5 /* Sounds */,
				9E441D7A222712690024AE9B /* AppDelegate.swift */,
				9E441D7C222712690024AE9B /* GameScene.sks */,
				9E441D7E222712690024AE9B /* Actions.sks */,
				9E441D80222712690024AE9B /* GameScene.swift */,
				9E441D82222712690024AE9B /* GameViewController.swift */,
				9E441D84222712690024AE9B /* Main.storyboard */,
				9E441D872227126B0024AE9B /* Assets.xcassets */,
				9E441D892227126B0024AE9B /* LaunchScreen.storyboard */,
				9E441D8C2227126B0024AE9B /* Info.plist */,
			);
			path = SpaceShooter;
			sourceTree = "<group>";
		};
		9E441D942227126B0024AE9B /* SpaceShooterTests */ = {
			isa = PBXGroup;
			children = (
				9E441D972227126B0024AE9B /* Info.plist */,
			);
			path = SpaceShooterTests;
			sourceTree = "<group>";
		};
		9E441D9F2227126B0024AE9B /* SpaceShooterUITests */ = {
			isa = PBXGroup;
			children = (
				9E441DA22227126B0024AE9B /* Info.plist */,
			);
			path = SpaceShooterUITests;
			sourceTree = "<group>";
		};
		9EA5A4032227492E002A7AB5 /* Sounds */ = {
			isa = PBXGroup;
			children = (
				9EA5A4042227492E002A7AB5 /* Collision.wav */,
				9EA5A4052227492E002A7AB5 /* Shoot.wav */,
				9EA5A4062227492E002A7AB5 /* Hit.wav */,
			);
			path = Sounds;
			sourceTree = "<group>";
		};
		9ECFC86622288E7300372B2A /* Sprites */ = {
			isa = PBXGroup;
			children = (
				9ECFC86F22289BEF00372B2A /* Sprite.swift */,
				9ECFC86722288E8500372B2A /* Asteroid.swift */,
				9ECFC86D22289B3800372B2A /* Player.swift */,
				9ECFC8712228A7C000372B2A /* PlayerMissile.swift */,
			);
			path = Sprites;
			sourceTree = "<group>";
		};
/* End PBXGroup section */

/* Begin PBXNativeTarget section */
		9E441D76222712690024AE9B /* SpaceShooter */ = {
			isa = PBXNativeTarget;
			buildConfigurationList = 9E441DA52227126B0024AE9B /* Build configuration list for PBXNativeTarget "SpaceShooter" */;
			buildPhases = (
				9E441D73222712690024AE9B /* Sources */,
				9E441D74222712690024AE9B /* Frameworks */,
				9E441D75222712690024AE9B /* Resources */,
			);
			buildRules = (
			);
			dependencies = (
			);
			name = SpaceShooter;
			productName = asteroids;
			productReference = 9E441D77222712690024AE9B /* SpaceShooter.app */;
			productType = "com.apple.product-type.application";
		};
		9E441D902227126B0024AE9B /* SpaceShooterTests */ = {
			isa = PBXNativeTarget;
			buildConfigurationList = 9E441DA82227126B0024AE9B /* Build configuration list for PBXNativeTarget "SpaceShooterTests" */;
			buildPhases = (
				9E441D8D2227126B0024AE9B /* Sources */,
				9E441D8E2227126B0024AE9B /* Frameworks */,
				9E441D8F2227126B0024AE9B /* Resources */,
			);
			buildRules = (
			);
			dependencies = (
				9E441D932227126B0024AE9B /* PBXTargetDependency */,
			);
			name = SpaceShooterTests;
			productName = asteroidsTests;
			productReference = 9E441D912227126B0024AE9B /* SpaceShooterTests.xctest */;
			productType = "com.apple.product-type.bundle.unit-test";
		};
		9E441D9B2227126B0024AE9B /* SpaceShooterUITests */ = {
			isa = PBXNativeTarget;
			buildConfigurationList = 9E441DAB2227126B0024AE9B /* Build configuration list for PBXNativeTarget "SpaceShooterUITests" */;
			buildPhases = (
				9E441D982227126B0024AE9B /* Sources */,
				9E441D992227126B0024AE9B /* Frameworks */,
				9E441D9A2227126B0024AE9B /* Resources */,
			);
			buildRules = (
			);
			dependencies = (
				9E441D9E2227126B0024AE9B /* PBXTargetDependency */,
			);
			name = SpaceShooterUITests;
			productName = asteroidsUITests;
			productReference = 9E441D9C2227126B0024AE9B /* SpaceShooterUITests.xctest */;
			productType = "com.apple.product-type.bundle.ui-testing";
		};
/* End PBXNativeTarget section */

/* Begin PBXProject section */
		9E441D6F222712690024AE9B /* Project object */ = {
			isa = PBXProject;
			attributes = {
				LastSwiftUpdateCheck = 1010;
				LastUpgradeCheck = 1010;
				ORGANIZATIONNAME = blatter;
				TargetAttributes = {
					9E441D76222712690024AE9B = {
						CreatedOnToolsVersion = 10.1;
					};
					9E441D902227126B0024AE9B = {
						CreatedOnToolsVersion = 10.1;
						TestTargetID = 9E441D76222712690024AE9B;
					};
					9E441D9B2227126B0024AE9B = {
						CreatedOnToolsVersion = 10.1;
						TestTargetID = 9E441D76222712690024AE9B;
					};
				};
			};
			buildConfigurationList = 9E441D72222712690024AE9B /* Build configuration list for PBXProject "SpaceShooter" */;
			compatibilityVersion = "Xcode 9.3";
			developmentRegion = en;
			hasScannedForEncodings = 0;
			knownRegions = (
				en,
				Base,
			);
			mainGroup = 9E441D6E222712690024AE9B;
			productRefGroup = 9E441D78222712690024AE9B /* Products */;
			projectDirPath = "";
			projectRoot = "";
			targets = (
				9E441D76222712690024AE9B /* SpaceShooter */,
				9E441D902227126B0024AE9B /* SpaceShooterTests */,
				9E441D9B2227126B0024AE9B /* SpaceShooterUITests */,
			);
		};
/* End PBXProject section */

/* Begin PBXResourcesBuildPhase section */
		9E441D75222712690024AE9B /* Resources */ = {
			isa = PBXResourcesBuildPhase;
			buildActionMask = 2147483647;
			files = (
				9EA5A4092227492E002A7AB5 /* Hit.wav in Resources */,
				9E441D86222712690024AE9B /* Main.storyboard in Resources */,
				9EA5A4072227492E002A7AB5 /* Collision.wav in Resources */,
				9E441D7D222712690024AE9B /* GameScene.sks in Resources */,
				9E441D882227126B0024AE9B /* Assets.xcassets in Resources */,
				9E441D8B2227126B0024AE9B /* LaunchScreen.storyboard in Resources */,
				9EA5A4082227492E002A7AB5 /* Shoot.wav in Resources */,
				9E441D7F222712690024AE9B /* Actions.sks in Resources */,
			);
			runOnlyForDeploymentPostprocessing = 0;
		};
		9E441D8F2227126B0024AE9B /* Resources */ = {
			isa = PBXResourcesBuildPhase;
			buildActionMask = 2147483647;
			files = (
			);
			runOnlyForDeploymentPostprocessing = 0;
		};
		9E441D9A2227126B0024AE9B /* Resources */ = {
			isa = PBXResourcesBuildPhase;
			buildActionMask = 2147483647;
			files = (
			);
			runOnlyForDeploymentPostprocessing = 0;
		};
/* End PBXResourcesBuildPhase section */

/* Begin PBXSourcesBuildPhase section */
		9E441D73222712690024AE9B /* Sources */ = {
			isa = PBXSourcesBuildPhase;
			buildActionMask = 2147483647;
			files = (
				9ECFC86822288E8500372B2A /* Asteroid.swift in Sources */,
				9ECFC86E22289B3800372B2A /* Player.swift in Sources */,
				9ECFC8722228A7C000372B2A /* PlayerMissile.swift in Sources */,
				9E441D81222712690024AE9B /* GameScene.swift in Sources */,
				9E441D83222712690024AE9B /* GameViewController.swift in Sources */,
				9ECFC87022289BEF00372B2A /* Sprite.swift in Sources */,
				9E441D7B222712690024AE9B /* AppDelegate.swift in Sources */,
			);
			runOnlyForDeploymentPostprocessing = 0;
		};
		9E441D8D2227126B0024AE9B /* Sources */ = {
			isa = PBXSourcesBuildPhase;
			buildActionMask = 2147483647;
			files = (
			);
			runOnlyForDeploymentPostprocessing = 0;
		};
		9E441D982227126B0024AE9B /* Sources */ = {
			isa = PBXSourcesBuildPhase;
			buildActionMask = 2147483647;
			files = (
			);
			runOnlyForDeploymentPostprocessing = 0;
		};
/* End PBXSourcesBuildPhase section */

/* Begin PBXTargetDependency section */
		9E441D932227126B0024AE9B /* PBXTargetDependency */ = {
			isa = PBXTargetDependency;
			target = 9E441D76222712690024AE9B /* SpaceShooter */;
			targetProxy = 9E441D922227126B0024AE9B /* PBXContainerItemProxy */;
		};
		9E441D9E2227126B0024AE9B /* PBXTargetDependency */ = {
			isa = PBXTargetDependency;
			target = 9E441D76222712690024AE9B /* SpaceShooter */;
			targetProxy = 9E441D9D2227126B0024AE9B /* PBXContainerItemProxy */;
		};
/* End PBXTargetDependency section */

/* Begin PBXVariantGroup section */
		9E441D84222712690024AE9B /* Main.storyboard */ = {
			isa = PBXVariantGroup;
			children = (
				9E441D85222712690024AE9B /* Base */,
			);
			name = Main.storyboard;
			sourceTree = "<group>";
		};
		9E441D892227126B0024AE9B /* LaunchScreen.storyboard */ = {
			isa = PBXVariantGroup;
			children = (
				9E441D8A2227126B0024AE9B /* Base */,
			);
			name = LaunchScreen.storyboard;
			sourceTree = "<group>";
		};
/* End PBXVariantGroup section */

/* Begin XCBuildConfiguration section */
		9E441DA32227126B0024AE9B /* Debug */ = {
			isa = XCBuildConfiguration;
			buildSettings = {
				ALWAYS_SEARCH_USER_PATHS = NO;
				CLANG_ANALYZER_NONNULL = YES;
				CLANG_ANALYZER_NUMBER_OBJECT_CONVERSION = YES_AGGRESSIVE;
				CLANG_CXX_LANGUAGE_STANDARD = "gnu++14";
				CLANG_CXX_LIBRARY = "libc++";
				CLANG_ENABLE_MODULES = YES;
				CLANG_ENABLE_OBJC_ARC = YES;
				CLANG_ENABLE_OBJC_WEAK = YES;
				CLANG_WARN_BLOCK_CAPTURE_AUTORELEASING = YES;
				CLANG_WARN_BOOL_CONVERSION = YES;
				CLANG_WARN_COMMA = YES;
				CLANG_WARN_CONSTANT_CONVERSION = YES;
				CLANG_WARN_DEPRECATED_OBJC_IMPLEMENTATIONS = YES;
				CLANG_WARN_DIRECT_OBJC_ISA_USAGE = YES_ERROR;
				CLANG_WARN_DOCUMENTATION_COMMENTS = YES;
				CLANG_WARN_EMPTY_BODY = YES;
				CLANG_WARN_ENUM_CONVERSION = YES;
				CLANG_WARN_INFINITE_RECURSION = YES;
				CLANG_WARN_INT_CONVERSION = YES;
				CLANG_WARN_NON_LITERAL_NULL_CONVERSION = YES;
				CLANG_WARN_OBJC_IMPLICIT_RETAIN_SELF = YES;
				CLANG_WARN_OBJC_LITERAL_CONVERSION = YES;
				CLANG_WARN_OBJC_ROOT_CLASS = YES_ERROR;
				CLANG_WARN_RANGE_LOOP_ANALYSIS = YES;
				CLANG_WARN_STRICT_PROTOTYPES = YES;
				CLANG_WARN_SUSPICIOUS_MOVE = YES;
				CLANG_WARN_UNGUARDED_AVAILABILITY = YES_AGGRESSIVE;
				CLANG_WARN_UNREACHABLE_CODE = YES;
				CLANG_WARN__DUPLICATE_METHOD_MATCH = YES;
				CODE_SIGN_IDENTITY = "iPhone Developer";
				COPY_PHASE_STRIP = NO;
				DEBUG_INFORMATION_FORMAT = dwarf;
				ENABLE_STRICT_OBJC_MSGSEND = YES;
				ENABLE_TESTABILITY = YES;
				GCC_C_LANGUAGE_STANDARD = gnu11;
				GCC_DYNAMIC_NO_PIC = NO;
				GCC_NO_COMMON_BLOCKS = YES;
				GCC_OPTIMIZATION_LEVEL = 0;
				GCC_PREPROCESSOR_DEFINITIONS = (
					"DEBUG=1",
					"$(inherited)",
				);
				GCC_WARN_64_TO_32_BIT_CONVERSION = YES;
				GCC_WARN_ABOUT_RETURN_TYPE = YES_ERROR;
				GCC_WARN_UNDECLARED_SELECTOR = YES;
				GCC_WARN_UNINITIALIZED_AUTOS = YES_AGGRESSIVE;
				GCC_WARN_UNUSED_FUNCTION = YES;
				GCC_WARN_UNUSED_VARIABLE = YES;
				IPHONEOS_DEPLOYMENT_TARGET = 12.1;
				MTL_ENABLE_DEBUG_INFO = INCLUDE_SOURCE;
				MTL_FAST_MATH = YES;
				ONLY_ACTIVE_ARCH = YES;
				SDKROOT = iphoneos;
				SWIFT_ACTIVE_COMPILATION_CONDITIONS = DEBUG;
				SWIFT_OPTIMIZATION_LEVEL = "-Onone";
			};
			name = Debug;
		};
		9E441DA42227126B0024AE9B /* Release */ = {
			isa = XCBuildConfiguration;
			buildSettings = {
				ALWAYS_SEARCH_USER_PATHS = NO;
				CLANG_ANALYZER_NONNULL = YES;
				CLANG_ANALYZER_NUMBER_OBJECT_CONVERSION = YES_AGGRESSIVE;
				CLANG_CXX_LANGUAGE_STANDARD = "gnu++14";
				CLANG_CXX_LIBRARY = "libc++";
				CLANG_ENABLE_MODULES = YES;
				CLANG_ENABLE_OBJC_ARC = YES;
				CLANG_ENABLE_OBJC_WEAK = YES;
				CLANG_WARN_BLOCK_CAPTURE_AUTORELEASING = YES;
				CLANG_WARN_BOOL_CONVERSION = YES;
				CLANG_WARN_COMMA = YES;
				CLANG_WARN_CONSTANT_CONVERSION = YES;
				CLANG_WARN_DEPRECATED_OBJC_IMPLEMENTATIONS = YES;
				CLANG_WARN_DIRECT_OBJC_ISA_USAGE = YES_ERROR;
				CLANG_WARN_DOCUMENTATION_COMMENTS = YES;
				CLANG_WARN_EMPTY_BODY = YES;
				CLANG_WARN_ENUM_CONVERSION = YES;
				CLANG_WARN_INFINITE_RECURSION = YES;
				CLANG_WARN_INT_CONVERSION = YES;
				CLANG_WARN_NON_LITERAL_NULL_CONVERSION = YES;
				CLANG_WARN_OBJC_IMPLICIT_RETAIN_SELF = YES;
				CLANG_WARN_OBJC_LITERAL_CONVERSION = YES;
				CLANG_WARN_OBJC_ROOT_CLASS = YES_ERROR;
				CLANG_WARN_RANGE_LOOP_ANALYSIS = YES;
				CLANG_WARN_STRICT_PROTOTYPES = YES;
				CLANG_WARN_SUSPICIOUS_MOVE = YES;
				CLANG_WARN_UNGUARDED_AVAILABILITY = YES_AGGRESSIVE;
				CLANG_WARN_UNREACHABLE_CODE = YES;
				CLANG_WARN__DUPLICATE_METHOD_MATCH = YES;
				CODE_SIGN_IDENTITY = "iPhone Developer";
				COPY_PHASE_STRIP = NO;
				DEBUG_INFORMATION_FORMAT = "dwarf-with-dsym";
				ENABLE_NS_ASSERTIONS = NO;
				ENABLE_STRICT_OBJC_MSGSEND = YES;
				GCC_C_LANGUAGE_STANDARD = gnu11;
				GCC_NO_COMMON_BLOCKS = YES;
				GCC_WARN_64_TO_32_BIT_CONVERSION = YES;
				GCC_WARN_ABOUT_RETURN_TYPE = YES_ERROR;
				GCC_WARN_UNDECLARED_SELECTOR = YES;
				GCC_WARN_UNINITIALIZED_AUTOS = YES_AGGRESSIVE;
				GCC_WARN_UNUSED_FUNCTION = YES;
				GCC_WARN_UNUSED_VARIABLE = YES;
				IPHONEOS_DEPLOYMENT_TARGET = 12.1;
				MTL_ENABLE_DEBUG_INFO = NO;
				MTL_FAST_MATH = YES;
				SDKROOT = iphoneos;
				SWIFT_COMPILATION_MODE = wholemodule;
				SWIFT_OPTIMIZATION_LEVEL = "-O";
				VALIDATE_PRODUCT = YES;
			};
			name = Release;
		};
		9E441DA62227126B0024AE9B /* Debug */ = {
			isa = XCBuildConfiguration;
			buildSettings = {
				ASSETCATALOG_COMPILER_APPICON_NAME = AppIcon;
				CODE_SIGN_STYLE = Automatic;
				DEVELOPMENT_TEAM = Q7V238254G;
				INFOPLIST_FILE = SpaceShooter/Info.plist;
				LD_RUNPATH_SEARCH_PATHS = (
					"$(inherited)",
					"@executable_path/Frameworks",
				);
				PRODUCT_BUNDLE_IDENTIFIER = com.blatter.spaceshooter;
				PRODUCT_NAME = "$(TARGET_NAME)";
				SWIFT_VERSION = 4.2;
				TARGETED_DEVICE_FAMILY = "1,2";
			};
			name = Debug;
		};
		9E441DA72227126B0024AE9B /* Release */ = {
			isa = XCBuildConfiguration;
			buildSettings = {
				ASSETCATALOG_COMPILER_APPICON_NAME = AppIcon;
				CODE_SIGN_STYLE = Automatic;
				DEVELOPMENT_TEAM = Q7V238254G;
				INFOPLIST_FILE = SpaceShooter/Info.plist;
				LD_RUNPATH_SEARCH_PATHS = (
					"$(inherited)",
					"@executable_path/Frameworks",
				);
				PRODUCT_BUNDLE_IDENTIFIER = com.blatter.spaceshooter;
				PRODUCT_NAME = "$(TARGET_NAME)";
				SWIFT_VERSION = 4.2;
				TARGETED_DEVICE_FAMILY = "1,2";
			};
			name = Release;
		};
		9E441DA92227126B0024AE9B /* Debug */ = {
			isa = XCBuildConfiguration;
			buildSettings = {
				ALWAYS_EMBED_SWIFT_STANDARD_LIBRARIES = YES;
				BUNDLE_LOADER = "$(TEST_HOST)";
				CODE_SIGN_STYLE = Automatic;
				DEVELOPMENT_TEAM = Q7V238254G;
				INFOPLIST_FILE = SpaceShooterTests/Info.plist;
				LD_RUNPATH_SEARCH_PATHS = (
					"$(inherited)",
					"@executable_path/Frameworks",
					"@loader_path/Frameworks",
				);
				PRODUCT_BUNDLE_IDENTIFIER = com.blatter.SpaceShooterTests;
				PRODUCT_NAME = "$(TARGET_NAME)";
				SWIFT_VERSION = 4.2;
				TARGETED_DEVICE_FAMILY = "1,2";
				TEST_HOST = "$(BUILT_PRODUCTS_DIR)/SpaceShooter.temp_caseinsensitive_rename.app/SpaceShooter.temp_caseinsensitive_rename";
			};
			name = Debug;
		};
		9E441DAA2227126B0024AE9B /* Release */ = {
			isa = XCBuildConfiguration;
			buildSettings = {
				ALWAYS_EMBED_SWIFT_STANDARD_LIBRARIES = YES;
				BUNDLE_LOADER = "$(TEST_HOST)";
				CODE_SIGN_STYLE = Automatic;
				DEVELOPMENT_TEAM = Q7V238254G;
				INFOPLIST_FILE = SpaceShooterTests/Info.plist;
				LD_RUNPATH_SEARCH_PATHS = (
					"$(inherited)",
					"@executable_path/Frameworks",
					"@loader_path/Frameworks",
				);
				PRODUCT_BUNDLE_IDENTIFIER = com.blatter.SpaceShooterTests;
				PRODUCT_NAME = "$(TARGET_NAME)";
				SWIFT_VERSION = 4.2;
				TARGETED_DEVICE_FAMILY = "1,2";
				TEST_HOST = "$(BUILT_PRODUCTS_DIR)/SpaceShooter.temp_caseinsensitive_rename.app/SpaceShooter.temp_caseinsensitive_rename";
			};
			name = Release;
		};
		9E441DAC2227126B0024AE9B /* Debug */ = {
			isa = XCBuildConfiguration;
			buildSettings = {
				ALWAYS_EMBED_SWIFT_STANDARD_LIBRARIES = YES;
				CODE_SIGN_STYLE = Automatic;
				DEVELOPMENT_TEAM = Q7V238254G;
				INFOPLIST_FILE = SpaceShooterUITests/Info.plist;
				LD_RUNPATH_SEARCH_PATHS = (
					"$(inherited)",
					"@executable_path/Frameworks",
					"@loader_path/Frameworks",
				);
				PRODUCT_BUNDLE_IDENTIFIER = com.blatter.SpaceShooterUITests;
				PRODUCT_NAME = "$(TARGET_NAME)";
				SWIFT_VERSION = 4.2;
				TARGETED_DEVICE_FAMILY = "1,2";
				TEST_TARGET_NAME = SpaceShooter;
			};
			name = Debug;
		};
		9E441DAD2227126B0024AE9B /* Release */ = {
			isa = XCBuildConfiguration;
			buildSettings = {
				ALWAYS_EMBED_SWIFT_STANDARD_LIBRARIES = YES;
				CODE_SIGN_STYLE = Automatic;
				DEVELOPMENT_TEAM = Q7V238254G;
				INFOPLIST_FILE = SpaceShooterUITests/Info.plist;
				LD_RUNPATH_SEARCH_PATHS = (
					"$(inherited)",
					"@executable_path/Frameworks",
					"@loader_path/Frameworks",
				);
				PRODUCT_BUNDLE_IDENTIFIER = com.blatter.SpaceShooterUITests;
				PRODUCT_NAME = "$(TARGET_NAME)";
				SWIFT_VERSION = 4.2;
				TARGETED_DEVICE_FAMILY = "1,2";
				TEST_TARGET_NAME = SpaceShooter;
			};
			name = Release;
		};
/* End XCBuildConfiguration section */

/* Begin XCConfigurationList section */
		9E441D72222712690024AE9B /* Build configuration list for PBXProject "SpaceShooter" */ = {
			isa = XCConfigurationList;
			buildConfigurations = (
				9E441DA32227126B0024AE9B /* Debug */,
				9E441DA42227126B0024AE9B /* Release */,
			);
			defaultConfigurationIsVisible = 0;
			defaultConfigurationName = Release;
		};
		9E441DA52227126B0024AE9B /* Build configuration list for PBXNativeTarget "SpaceShooter" */ = {
			isa = XCConfigurationList;
			buildConfigurations = (
				9E441DA62227126B0024AE9B /* Debug */,
				9E441DA72227126B0024AE9B /* Release */,
			);
			defaultConfigurationIsVisible = 0;
			defaultConfigurationName = Release;
		};
		9E441DA82227126B0024AE9B /* Build configuration list for PBXNativeTarget "SpaceShooterTests" */ = {
			isa = XCConfigurationList;
			buildConfigurations = (
				9E441DA92227126B0024AE9B /* Debug */,
				9E441DAA2227126B0024AE9B /* Release */,
			);
			defaultConfigurationIsVisible = 0;
			defaultConfigurationName = Release;
		};
		9E441DAB2227126B0024AE9B /* Build configuration list for PBXNativeTarget "SpaceShooterUITests" */ = {
			isa = XCConfigurationList;
			buildConfigurations = (
				9E441DAC2227126B0024AE9B /* Debug */,
				9E441DAD2227126B0024AE9B /* Release */,
			);
			defaultConfigurationIsVisible = 0;
			defaultConfigurationName = Release;
		};
/* End XCConfigurationList section */
	};
	rootObject = 9E441D6F222712690024AE9B /* Project object */;
}
